
Microsoft Visual Studio Solution File, Format Version 12.00
# Visual Studio 2017
Project("{FAE04EC0-301F-11D3-BF4B-00C04F79EFBC}") = "UnityPluginHost", "UnityPluginHost.csproj", "{2BC270B9-D12E-2D21-C98D-64850111C8B3}"
EndProject
Global
	GlobalSection(SolutionConfigurationPlatforms) = preSolution
		Debug|Any CPU = Debug|Any CPU
		Release|Any CPU = Release|Any CPU
	EndGlobalSection
	GlobalSection(ProjectConfigurationPlatforms) = postSolution
		{2BC270B9-D12E-2D21-C98D-64850111C8B3}.Debug|Any CPU.ActiveCfg = Debug|Any CPU
		{2BC270B9-D12E-2D21-C98D-64850111C8B3}.Debug|Any CPU.Build.0 = Debug|Any CPU
		{2BC270B9-D12E-2D21-C98D-64850111C8B3}.Release|Any CPU.ActiveCfg = Release|Any CPU
		{2BC270B9-D12E-2D21-C98D-64850111C8B3}.Release|Any CPU.Build.0 = Release|Any CPU
	EndGlobalSection
	GlobalSection(SolutionProperties) = preSolution
		HideSolutionNode = FALSE
	EndGlobalSection
EndGlobal
